// !$*UTF8*$!
{
	archiveVersion = 1;
	classes = {
	};
	objectVersion = 46;
	objects = {

/* Begin PBXBuildFile section */
		053DB66213154390004AD09D /* libstretchrsdk.a in Frameworks */ = {isa = PBXBuildFile; fileRef = 053DB66113154390004AD09D /* libstretchrsdk.a */; };
		0548B86D1315319A00C62F2B /* UIKit.framework in Frameworks */ = {isa = PBXBuildFile; fileRef = 0548B86C1315319A00C62F2B /* UIKit.framework */; };
		0548B86F1315319A00C62F2B /* Foundation.framework in Frameworks */ = {isa = PBXBuildFile; fileRef = 0548B86E1315319A00C62F2B /* Foundation.framework */; };
		0548B8711315319A00C62F2B /* CoreGraphics.framework in Frameworks */ = {isa = PBXBuildFile; fileRef = 0548B8701315319A00C62F2B /* CoreGraphics.framework */; };
		0548B8771315319A00C62F2B /* InfoPlist.strings in Resources */ = {isa = PBXBuildFile; fileRef = 0548B8751315319A00C62F2B /* InfoPlist.strings */; };
		0548B87A1315319A00C62F2B /* main.m in Sources */ = {isa = PBXBuildFile; fileRef = 0548B8791315319A00C62F2B /* main.m */; };
		0548B87D1315319A00C62F2B /* SampleStretchrAppAppDelegate.m in Sources */ = {isa = PBXBuildFile; fileRef = 0548B87C1315319A00C62F2B /* SampleStretchrAppAppDelegate.m */; };
		0548B8801315319A00C62F2B /* MainWindow.xib in Resources */ = {isa = PBXBuildFile; fileRef = 0548B87E1315319A00C62F2B /* MainWindow.xib */; };
/* End PBXBuildFile section */

/* Begin PBXContainerItemProxy section */
		053DB6461315414A004AD09D /* PBXContainerItemProxy */ = {
			isa = PBXContainerItemProxy;
			containerPortal = 053DB64113154149004AD09D /* stretchrsdk.xcodeproj */;
			proxyType = 2;
			remoteGlobalIDString = 05C0CE8F13119B8500FFB38D;
			remoteInfo = stretchrsdk;
		};
		053DB6481315414A004AD09D /* PBXContainerItemProxy */ = {
			isa = PBXContainerItemProxy;
			containerPortal = 053DB64113154149004AD09D /* stretchrsdk.xcodeproj */;
			proxyType = 2;
			remoteGlobalIDString = 05C0CEA113119C2500FFB38D;
			remoteInfo = stretchrsdktests;
		};
		053DB64B1315419B004AD09D /* PBXContainerItemProxy */ = {
			isa = PBXContainerItemProxy;
			containerPortal = 053DB64113154149004AD09D /* stretchrsdk.xcodeproj */;
			proxyType = 1;
			remoteGlobalIDString = 05C0CE8E13119B8500FFB38D;
			remoteInfo = stretchrsdk;
		};
/* End PBXContainerItemProxy section */

/* Begin PBXFileReference section */
		053DB64113154149004AD09D /* stretchrsdk.xcodeproj */ = {isa = PBXFileReference; lastKnownFileType = "wrapper.pb-project"; name = stretchrsdk.xcodeproj; path = ../stretchrsdk/stretchrsdk.xcodeproj; sourceTree = "<group>"; };
		053DB66113154390004AD09D /* libstretchrsdk.a */ = {isa = PBXFileReference; explicitFileType = archive.ar; path = libstretchrsdk.a; sourceTree = SOURCE_ROOT; };
		0548B8681315319A00C62F2B /* SampleStretchrApp.app */ = {isa = PBXFileReference; explicitFileType = wrapper.application; includeInIndex = 0; path = SampleStretchrApp.app; sourceTree = BUILT_PRODUCTS_DIR; };
		0548B86C1315319A00C62F2B /* UIKit.framework */ = {isa = PBXFileReference; lastKnownFileType = wrapper.framework; name = UIKit.framework; path = System/Library/Frameworks/UIKit.framework; sourceTree = SDKROOT; };
		0548B86E1315319A00C62F2B /* Foundation.framework */ = {isa = PBXFileReference; lastKnownFileType = wrapper.framework; name = Foundation.framework; path = System/Library/Frameworks/Foundation.framework; sourceTree = SDKROOT; };
		0548B8701315319A00C62F2B /* CoreGraphics.framework */ = {isa = PBXFileReference; lastKnownFileType = wrapper.framework; name = CoreGraphics.framework; path = System/Library/Frameworks/CoreGraphics.framework; sourceTree = SDKROOT; };
		0548B8741315319A00C62F2B /* SampleStretchrApp-Info.plist */ = {isa = PBXFileReference; lastKnownFileType = text.plist.xml; path = "SampleStretchrApp-Info.plist"; sourceTree = "<group>"; };
		0548B8761315319A00C62F2B /* en */ = {isa = PBXFileReference; lastKnownFileType = text.plist.strings; name = en; path = en.lproj/InfoPlist.strings; sourceTree = "<group>"; };
		0548B8781315319A00C62F2B /* SampleStretchrApp-Prefix.pch */ = {isa = PBXFileReference; lastKnownFileType = sourcecode.c.h; path = "SampleStretchrApp-Prefix.pch"; sourceTree = "<group>"; };
		0548B8791315319A00C62F2B /* main.m */ = {isa = PBXFileReference; lastKnownFileType = sourcecode.c.objc; path = main.m; sourceTree = "<group>"; };
		0548B87B1315319A00C62F2B /* SampleStretchrAppAppDelegate.h */ = {isa = PBXFileReference; lastKnownFileType = sourcecode.c.h; path = SampleStretchrAppAppDelegate.h; sourceTree = "<group>"; };
		0548B87C1315319A00C62F2B /* SampleStretchrAppAppDelegate.m */ = {isa = PBXFileReference; lastKnownFileType = sourcecode.c.objc; path = SampleStretchrAppAppDelegate.m; sourceTree = "<group>"; };
		0548B87F1315319A00C62F2B /* en */ = {isa = PBXFileReference; lastKnownFileType = file.xib; name = en; path = en.lproj/MainWindow.xib; sourceTree = "<group>"; };
/* End PBXFileReference section */

/* Begin PBXFrameworksBuildPhase section */
		0548B8651315319A00C62F2B /* Frameworks */ = {
			isa = PBXFrameworksBuildPhase;
			buildActionMask = 2147483647;
			files = (
				053DB66213154390004AD09D /* libstretchrsdk.a in Frameworks */,
				0548B86D1315319A00C62F2B /* UIKit.framework in Frameworks */,
				0548B86F1315319A00C62F2B /* Foundation.framework in Frameworks */,
				0548B8711315319A00C62F2B /* CoreGraphics.framework in Frameworks */,
			);
			runOnlyForDeploymentPostprocessing = 0;
		};
/* End PBXFrameworksBuildPhase section */

/* Begin PBXGroup section */
		053DB64213154149004AD09D /* Products */ = {
			isa = PBXGroup;
			children = (
				053DB6471315414A004AD09D /* libstretchrsdk.a */,
				053DB6491315414A004AD09D /* stretchrsdktests.octest */,
			);
			name = Products;
			sourceTree = "<group>";
		};
		0548B85D1315319A00C62F2B = {
			isa = PBXGroup;
			children = (
				053DB66113154390004AD09D /* libstretchrsdk.a */,
				053DB64113154149004AD09D /* stretchrsdk.xcodeproj */,
				0548B8721315319A00C62F2B /* SampleStretchrApp */,
				0548B86B1315319A00C62F2B /* Frameworks */,
				0548B8691315319A00C62F2B /* Products */,
			);
			sourceTree = "<group>";
		};
		0548B8691315319A00C62F2B /* Products */ = {
			isa = PBXGroup;
			children = (
				0548B8681315319A00C62F2B /* SampleStretchrApp.app */,
			);
			name = Products;
			sourceTree = "<group>";
		};
		0548B86B1315319A00C62F2B /* Frameworks */ = {
			isa = PBXGroup;
			children = (
				0548B86C1315319A00C62F2B /* UIKit.framework */,
				0548B86E1315319A00C62F2B /* Foundation.framework */,
				0548B8701315319A00C62F2B /* CoreGraphics.framework */,
			);
			name = Frameworks;
			sourceTree = "<group>";
		};
		0548B8721315319A00C62F2B /* SampleStretchrApp */ = {
			isa = PBXGroup;
			children = (
				0548B87B1315319A00C62F2B /* SampleStretchrAppAppDelegate.h */,
				0548B87C1315319A00C62F2B /* SampleStretchrAppAppDelegate.m */,
				0548B87E1315319A00C62F2B /* MainWindow.xib */,
				0548B8731315319A00C62F2B /* Supporting Files */,
			);
			path = SampleStretchrApp;
			sourceTree = "<group>";
		};
		0548B8731315319A00C62F2B /* Supporting Files */ = {
			isa = PBXGroup;
			children = (
				0548B8741315319A00C62F2B /* SampleStretchrApp-Info.plist */,
				0548B8751315319A00C62F2B /* InfoPlist.strings */,
				0548B8781315319A00C62F2B /* SampleStretchrApp-Prefix.pch */,
				0548B8791315319A00C62F2B /* main.m */,
			);
			name = "Supporting Files";
			sourceTree = "<group>";
		};
/* End PBXGroup section */

/* Begin PBXNativeTarget section */
		0548B8671315319A00C62F2B /* SampleStretchrApp */ = {
			isa = PBXNativeTarget;
			buildConfigurationList = 0548B8831315319A00C62F2B /* Build configuration list for PBXNativeTarget "SampleStretchrApp" */;
			buildPhases = (
				0548B8641315319A00C62F2B /* Sources */,
				0548B8651315319A00C62F2B /* Frameworks */,
				0548B8661315319A00C62F2B /* Resources */,
			);
			buildRules = (
			);
			dependencies = (
				053DB64C1315419B004AD09D /* PBXTargetDependency */,
			);
			name = SampleStretchrApp;
			productName = SampleStretchrApp;
			productReference = 0548B8681315319A00C62F2B /* SampleStretchrApp.app */;
			productType = "com.apple.product-type.application";
		};
/* End PBXNativeTarget section */

/* Begin PBXProject section */
		0548B85F1315319A00C62F2B /* Project object */ = {
			isa = PBXProject;
			attributes = {
				ORGANIZATIONNAME = "Borealis Web Ltd";
			};
			buildConfigurationList = 0548B8621315319A00C62F2B /* Build configuration list for PBXProject "SampleStretchrApp" */;
			compatibilityVersion = "Xcode 3.2";
			developmentRegion = English;
			hasScannedForEncodings = 0;
			knownRegions = (
				en,
			);
			mainGroup = 0548B85D1315319A00C62F2B;
			productRefGroup = 0548B8691315319A00C62F2B /* Products */;
			projectDirPath = "";
			projectReferences = (
				{
					ProductGroup = 053DB64213154149004AD09D /* Products */;
					ProjectRef = 053DB64113154149004AD09D /* stretchrsdk.xcodeproj */;
				},
			);
			projectRoot = "";
			targets = (
				0548B8671315319A00C62F2B /* SampleStretchrApp */,
			);
		};
/* End PBXProject section */

/* Begin PBXReferenceProxy section */
		053DB6471315414A004AD09D /* libstretchrsdk.a */ = {
			isa = PBXReferenceProxy;
			fileType = archive.ar;
			path = libstretchrsdk.a;
			remoteRef = 053DB6461315414A004AD09D /* PBXContainerItemProxy */;
			sourceTree = BUILT_PRODUCTS_DIR;
		};
		053DB6491315414A004AD09D /* stretchrsdktests.octest */ = {
			isa = PBXReferenceProxy;
			fileType = wrapper.cfbundle;
			path = stretchrsdktests.octest;
			remoteRef = 053DB6481315414A004AD09D /* PBXContainerItemProxy */;
			sourceTree = BUILT_PRODUCTS_DIR;
		};
/* End PBXReferenceProxy section */

/* Begin PBXResourcesBuildPhase section */
		0548B8661315319A00C62F2B /* Resources */ = {
			isa = PBXResourcesBuildPhase;
			buildActionMask = 2147483647;
			files = (
				0548B8771315319A00C62F2B /* InfoPlist.strings in Resources */,
				0548B8801315319A00C62F2B /* MainWindow.xib in Resources */,
			);
			runOnlyForDeploymentPostprocessing = 0;
		};
/* End PBXResourcesBuildPhase section */

/* Begin PBXSourcesBuildPhase section */
		0548B8641315319A00C62F2B /* Sources */ = {
			isa = PBXSourcesBuildPhase;
			buildActionMask = 2147483647;
			files = (
				0548B87A1315319A00C62F2B /* main.m in Sources */,
				0548B87D1315319A00C62F2B /* SampleStretchrAppAppDelegate.m in Sources */,
			);
			runOnlyForDeploymentPostprocessing = 0;
		};
/* End PBXSourcesBuildPhase section */

/* Begin PBXTargetDependency section */
		053DB64C1315419B004AD09D /* PBXTargetDependency */ = {
			isa = PBXTargetDependency;
			name = stretchrsdk;
			targetProxy = 053DB64B1315419B004AD09D /* PBXContainerItemProxy */;
		};
/* End PBXTargetDependency section */

/* Begin PBXVariantGroup section */
		0548B8751315319A00C62F2B /* InfoPlist.strings */ = {
			isa = PBXVariantGroup;
			children = (
				0548B8761315319A00C62F2B /* en */,
			);
			name = InfoPlist.strings;
			sourceTree = "<group>";
		};
		0548B87E1315319A00C62F2B /* MainWindow.xib */ = {
			isa = PBXVariantGroup;
			children = (
				0548B87F1315319A00C62F2B /* en */,
			);
			name = MainWindow.xib;
			sourceTree = "<group>";
		};
/* End PBXVariantGroup section */

/* Begin XCBuildConfiguration section */
		0548B8811315319A00C62F2B /* Debug */ = {
			isa = XCBuildConfiguration;
			buildSettings = {
				ARCHS = "$(ARCHS_STANDARD_32_BIT)";
				"CODE_SIGN_IDENTITY[sdk=iphoneos*]" = "iPhone Developer";
				GCC_C_LANGUAGE_STANDARD = gnu99;
				GCC_OPTIMIZATION_LEVEL = 0;
				GCC_PREPROCESSOR_DEFINITIONS = DEBUG;
				GCC_VERSION = com.apple.compilers.llvmgcc42;
				GCC_WARN_ABOUT_RETURN_TYPE = YES;
				GCC_WARN_UNUSED_VARIABLE = YES;
				IPHONEOS_DEPLOYMENT_TARGET = 4.2;
				SDKROOT = iphoneos;
			};
			name = Debug;
		};
		0548B8821315319A00C62F2B /* Release */ = {
			isa = XCBuildConfiguration;
			buildSettings = {
				ARCHS = "$(ARCHS_STANDARD_32_BIT)";
				"CODE_SIGN_IDENTITY[sdk=iphoneos*]" = "iPhone Developer";
				GCC_C_LANGUAGE_STANDARD = gnu99;
				GCC_VERSION = com.apple.compilers.llvmgcc42;
				GCC_WARN_ABOUT_RETURN_TYPE = YES;
				GCC_WARN_UNUSED_VARIABLE = YES;
				IPHONEOS_DEPLOYMENT_TARGET = 4.2;
				OTHER_CFLAGS = "-DNS_BLOCK_ASSERTIONS=1";
				SDKROOT = iphoneos;
			};
			name = Release;
		};
		0548B8841315319A00C62F2B /* Debug */ = {
			isa = XCBuildConfiguration;
			buildSettings = {
				ALWAYS_SEARCH_USER_PATHS = NO;
				COPY_PHASE_STRIP = NO;
				GCC_DYNAMIC_NO_PIC = NO;
				GCC_PRECOMPILE_PREFIX_HEADER = YES;
				GCC_PREFIX_HEADER = "SampleStretchrApp/SampleStretchrApp-Prefix.pch";
				HEADER_SEARCH_PATHS = "../stretchrsdk/stretchrsdk/**";
				INFOPLIST_FILE = "SampleStretchrApp/SampleStretchrApp-Info.plist";
				INSTALL_PATH = "$(LOCAL_APPS_DIR)";
				LIBRARY_SEARCH_PATHS = (
					"$(inherited)",
					"\"$(SRCROOT)\"",
				);
				PRODUCT_NAME = "$(TARGET_NAME)";
				WRAPPER_EXTENSION = app;
			};
			name = Debug;
		};
		0548B8851315319A00C62F2B /* Release */ = {
			isa = XCBuildConfiguration;
			buildSettings = {
				ALWAYS_SEARCH_USER_PATHS = NO;
				COPY_PHASE_STRIP = YES;
				GCC_PRECOMPILE_PREFIX_HEADER = YES;
				GCC_PREFIX_HEADER = "SampleStretchrApp/SampleStretchrApp-Prefix.pch";
				HEADER_SEARCH_PATHS = "../stretchrsdk/stretchrsdk/**";
				INFOPLIST_FILE = "SampleStretchrApp/SampleStretchrApp-Info.plist";
				INSTALL_PATH = "$(LOCAL_APPS_DIR)";
				LIBRARY_SEARCH_PATHS = (
					"$(inherited)",
					"\"$(SRCROOT)\"",
				);
				PRODUCT_NAME = "$(TARGET_NAME)";
				VALIDATE_PRODUCT = YES;
				WRAPPER_EXTENSION = app;
			};
			name = Release;
		};
/* End XCBuildConfiguration section */

/* Begin XCConfigurationList section */
		0548B8621315319A00C62F2B /* Build configuration list for PBXProject "SampleStretchrApp" */ = {
			isa = XCConfigurationList;
			buildConfigurations = (
				0548B8811315319A00C62F2B /* Debug */,
				0548B8821315319A00C62F2B /* Release */,
			);
			defaultConfigurationIsVisible = 0;
			defaultConfigurationName = Release;
		};
		0548B8831315319A00C62F2B /* Build configuration list for PBXNativeTarget "SampleStretchrApp" */ = {
			isa = XCConfigurationList;
			buildConfigurations = (
				0548B8841315319A00C62F2B /* Debug */,
				0548B8851315319A00C62F2B /* Release */,
			);
			defaultConfigurationIsVisible = 0;
			defaultConfigurationName = Release;
		};
/* End XCConfigurationList section */
	};
	rootObject = 0548B85F1315319A00C62F2B /* Project object */;
}
