// !$*UTF8*$!
{
	archiveVersion = 1;
	classes = {
	};
	objectVersion = 46;
	objects = {

/* Begin PBXBuildFile section */
		057F68D913911B7000885466 /* NSString+URLEncoding.m in Sources */ = {isa = PBXBuildFile; fileRef = 057F68D813911B7000885466 /* NSString+URLEncoding.m */; };
		057F68DD13911BA700885466 /* NSString+URLEncodingTest.m in Sources */ = {isa = PBXBuildFile; fileRef = 057F68DC13911BA700885466 /* NSString+URLEncodingTest.m */; };
		057F68E01391324600885466 /* Base64Transcoder.c in Sources */ = {isa = PBXBuildFile; fileRef = 057F68DE1391324600885466 /* Base64Transcoder.c */; };
		05AEF1B81390F6CC00FD984C /* UIKit.framework in Frameworks */ = {isa = PBXBuildFile; fileRef = 05AEF1B71390F6CC00FD984C /* UIKit.framework */; };
		05AEF1BA1390F6CC00FD984C /* Foundation.framework in Frameworks */ = {isa = PBXBuildFile; fileRef = 05AEF1B91390F6CC00FD984C /* Foundation.framework */; };
		05AEF1BC1390F6CC00FD984C /* CoreGraphics.framework in Frameworks */ = {isa = PBXBuildFile; fileRef = 05AEF1BB1390F6CC00FD984C /* CoreGraphics.framework */; };
		05AEF1C21390F6CC00FD984C /* InfoPlist.strings in Resources */ = {isa = PBXBuildFile; fileRef = 05AEF1C01390F6CC00FD984C /* InfoPlist.strings */; };
		05AEF1C51390F6CC00FD984C /* main.m in Sources */ = {isa = PBXBuildFile; fileRef = 05AEF1C41390F6CC00FD984C /* main.m */; };
		05AEF1C81390F6CC00FD984C /* XapiSdkAppDelegate.m in Sources */ = {isa = PBXBuildFile; fileRef = 05AEF1C71390F6CC00FD984C /* XapiSdkAppDelegate.m */; };
		05AEF1CB1390F6CC00FD984C /* MainWindow.xib in Resources */ = {isa = PBXBuildFile; fileRef = 05AEF1C91390F6CC00FD984C /* MainWindow.xib */; };
		05AEF1D21390F6CC00FD984C /* UIKit.framework in Frameworks */ = {isa = PBXBuildFile; fileRef = 05AEF1B71390F6CC00FD984C /* UIKit.framework */; };
		05AEF1D31390F6CC00FD984C /* Foundation.framework in Frameworks */ = {isa = PBXBuildFile; fileRef = 05AEF1B91390F6CC00FD984C /* Foundation.framework */; };
		05AEF1D41390F6CC00FD984C /* CoreGraphics.framework in Frameworks */ = {isa = PBXBuildFile; fileRef = 05AEF1BB1390F6CC00FD984C /* CoreGraphics.framework */; };
		05AEF1DC1390F6CC00FD984C /* InfoPlist.strings in Resources */ = {isa = PBXBuildFile; fileRef = 05AEF1DA1390F6CC00FD984C /* InfoPlist.strings */; };
		05AEF1F81390F8D700FD984C /* SRRequestSignerTest.m in Sources */ = {isa = PBXBuildFile; fileRef = 05AEF1F71390F8D700FD984C /* SRRequestSignerTest.m */; };
		05AEF1FC1390F90100FD984C /* SRRequestSigner.m in Sources */ = {isa = PBXBuildFile; fileRef = 05AEF1FB1390F90100FD984C /* SRRequestSigner.m */; };
		05AEF1FF1390F9BF00FD984C /* SRRequest.m in Sources */ = {isa = PBXBuildFile; fileRef = 05AEF1FE1390F9BF00FD984C /* SRRequest.m */; };
		05AEF2021390F9CD00FD984C /* SRRequestTest.m in Sources */ = {isa = PBXBuildFile; fileRef = 05AEF2011390F9CD00FD984C /* SRRequestTest.m */; };
		05AEF2071390FB1B00FD984C /* SRRequestMethodTest.m in Sources */ = {isa = PBXBuildFile; fileRef = 05AEF2061390FB1B00FD984C /* SRRequestMethodTest.m */; };
		05AEF20C139100AF00FD984C /* SRCredentials.m in Sources */ = {isa = PBXBuildFile; fileRef = 05AEF20B139100AF00FD984C /* SRCredentials.m */; };
		05AEF210139100C100FD984C /* SRCredentialsTest.m in Sources */ = {isa = PBXBuildFile; fileRef = 05AEF20F139100C100FD984C /* SRCredentialsTest.m */; };
		05AEF2161391035400FD984C /* SRParameterCollection.m in Sources */ = {isa = PBXBuildFile; fileRef = 05AEF2151391035400FD984C /* SRParameterCollection.m */; };
		05AEF2191391036300FD984C /* SRParameterCollectionTest.m in Sources */ = {isa = PBXBuildFile; fileRef = 05AEF2181391036300FD984C /* SRParameterCollectionTest.m */; };
		05AEF21C1391038700FD984C /* SRParameter.m in Sources */ = {isa = PBXBuildFile; fileRef = 05AEF21B1391038600FD984C /* SRParameter.m */; };
		05AEF21F1391039400FD984C /* SRParameterTest.m in Sources */ = {isa = PBXBuildFile; fileRef = 05AEF21E1391039400FD984C /* SRParameterTest.m */; };
/* End PBXBuildFile section */

/* Begin PBXContainerItemProxy section */
		05AEF1D51390F6CC00FD984C /* PBXContainerItemProxy */ = {
			isa = PBXContainerItemProxy;
			containerPortal = 05AEF1AA1390F6CC00FD984C /* Project object */;
			proxyType = 1;
			remoteGlobalIDString = 05AEF1B21390F6CC00FD984C;
			remoteInfo = XapiSdk;
		};
/* End PBXContainerItemProxy section */

/* Begin PBXFileReference section */
		057F68D713911B7000885466 /* NSString+URLEncoding.h */ = {isa = PBXFileReference; fileEncoding = 4; lastKnownFileType = sourcecode.c.h; path = "NSString+URLEncoding.h"; sourceTree = "<group>"; };
		057F68D813911B7000885466 /* NSString+URLEncoding.m */ = {isa = PBXFileReference; fileEncoding = 4; lastKnownFileType = sourcecode.c.objc; path = "NSString+URLEncoding.m"; sourceTree = "<group>"; };
		057F68DB13911BA700885466 /* NSString+URLEncodingTest.h */ = {isa = PBXFileReference; fileEncoding = 4; lastKnownFileType = sourcecode.c.h; path = "NSString+URLEncodingTest.h"; sourceTree = "<group>"; };
		057F68DC13911BA700885466 /* NSString+URLEncodingTest.m */ = {isa = PBXFileReference; fileEncoding = 4; lastKnownFileType = sourcecode.c.objc; path = "NSString+URLEncodingTest.m"; sourceTree = "<group>"; };
		057F68DE1391324600885466 /* Base64Transcoder.c */ = {isa = PBXFileReference; fileEncoding = 4; lastKnownFileType = sourcecode.c.c; path = Base64Transcoder.c; sourceTree = "<group>"; };
		057F68DF1391324600885466 /* Base64Transcoder.h */ = {isa = PBXFileReference; fileEncoding = 4; lastKnownFileType = sourcecode.c.h; path = Base64Transcoder.h; sourceTree = "<group>"; };
		05AEF1B31390F6CC00FD984C /* XapiSdk.app */ = {isa = PBXFileReference; explicitFileType = wrapper.application; includeInIndex = 0; path = XapiSdk.app; sourceTree = BUILT_PRODUCTS_DIR; };
		05AEF1B71390F6CC00FD984C /* UIKit.framework */ = {isa = PBXFileReference; lastKnownFileType = wrapper.framework; name = UIKit.framework; path = System/Library/Frameworks/UIKit.framework; sourceTree = SDKROOT; };
		05AEF1B91390F6CC00FD984C /* Foundation.framework */ = {isa = PBXFileReference; lastKnownFileType = wrapper.framework; name = Foundation.framework; path = System/Library/Frameworks/Foundation.framework; sourceTree = SDKROOT; };
		05AEF1BB1390F6CC00FD984C /* CoreGraphics.framework */ = {isa = PBXFileReference; lastKnownFileType = wrapper.framework; name = CoreGraphics.framework; path = System/Library/Frameworks/CoreGraphics.framework; sourceTree = SDKROOT; };
		05AEF1BF1390F6CC00FD984C /* XapiSdk-Info.plist */ = {isa = PBXFileReference; lastKnownFileType = text.plist.xml; path = "XapiSdk-Info.plist"; sourceTree = "<group>"; };
		05AEF1C11390F6CC00FD984C /* en */ = {isa = PBXFileReference; lastKnownFileType = text.plist.strings; name = en; path = en.lproj/InfoPlist.strings; sourceTree = "<group>"; };
		05AEF1C31390F6CC00FD984C /* XapiSdk-Prefix.pch */ = {isa = PBXFileReference; lastKnownFileType = sourcecode.c.h; path = "XapiSdk-Prefix.pch"; sourceTree = "<group>"; };
		05AEF1C41390F6CC00FD984C /* main.m */ = {isa = PBXFileReference; lastKnownFileType = sourcecode.c.objc; path = main.m; sourceTree = "<group>"; };
		05AEF1C61390F6CC00FD984C /* XapiSdkAppDelegate.h */ = {isa = PBXFileReference; lastKnownFileType = sourcecode.c.h; path = XapiSdkAppDelegate.h; sourceTree = "<group>"; };
		05AEF1C71390F6CC00FD984C /* XapiSdkAppDelegate.m */ = {isa = PBXFileReference; lastKnownFileType = sourcecode.c.objc; path = XapiSdkAppDelegate.m; sourceTree = "<group>"; };
		05AEF1CA1390F6CC00FD984C /* en */ = {isa = PBXFileReference; lastKnownFileType = file.xib; name = en; path = en.lproj/MainWindow.xib; sourceTree = "<group>"; };
		05AEF1D11390F6CC00FD984C /* XapiSdkTests.octest */ = {isa = PBXFileReference; explicitFileType = wrapper.cfbundle; includeInIndex = 0; path = XapiSdkTests.octest; sourceTree = BUILT_PRODUCTS_DIR; };
		05AEF1D91390F6CC00FD984C /* XapiSdkTests-Info.plist */ = {isa = PBXFileReference; lastKnownFileType = text.plist.xml; path = "XapiSdkTests-Info.plist"; sourceTree = "<group>"; };
		05AEF1DB1390F6CC00FD984C /* en */ = {isa = PBXFileReference; lastKnownFileType = text.plist.strings; name = en; path = en.lproj/InfoPlist.strings; sourceTree = "<group>"; };
		05AEF1DD1390F6CC00FD984C /* XapiSdkTests-Prefix.pch */ = {isa = PBXFileReference; lastKnownFileType = sourcecode.c.h; path = "XapiSdkTests-Prefix.pch"; sourceTree = "<group>"; };
		05AEF1F61390F8D700FD984C /* SRRequestSignerTest.h */ = {isa = PBXFileReference; fileEncoding = 4; lastKnownFileType = sourcecode.c.h; path = SRRequestSignerTest.h; sourceTree = "<group>"; };
		05AEF1F71390F8D700FD984C /* SRRequestSignerTest.m */ = {isa = PBXFileReference; fileEncoding = 4; lastKnownFileType = sourcecode.c.objc; path = SRRequestSignerTest.m; sourceTree = "<group>"; };
		05AEF1FA1390F90100FD984C /* SRRequestSigner.h */ = {isa = PBXFileReference; fileEncoding = 4; lastKnownFileType = sourcecode.c.h; path = SRRequestSigner.h; sourceTree = "<group>"; };
		05AEF1FB1390F90100FD984C /* SRRequestSigner.m */ = {isa = PBXFileReference; fileEncoding = 4; lastKnownFileType = sourcecode.c.objc; path = SRRequestSigner.m; sourceTree = "<group>"; };
		05AEF1FD1390F9BF00FD984C /* SRRequest.h */ = {isa = PBXFileReference; fileEncoding = 4; lastKnownFileType = sourcecode.c.h; path = SRRequest.h; sourceTree = "<group>"; };
		05AEF1FE1390F9BF00FD984C /* SRRequest.m */ = {isa = PBXFileReference; fileEncoding = 4; lastKnownFileType = sourcecode.c.objc; path = SRRequest.m; sourceTree = "<group>"; };
		05AEF2001390F9CD00FD984C /* SRRequestTest.h */ = {isa = PBXFileReference; fileEncoding = 4; lastKnownFileType = sourcecode.c.h; path = SRRequestTest.h; sourceTree = "<group>"; };
		05AEF2011390F9CD00FD984C /* SRRequestTest.m */ = {isa = PBXFileReference; fileEncoding = 4; lastKnownFileType = sourcecode.c.objc; path = SRRequestTest.m; sourceTree = "<group>"; };
		05AEF2031390FAB800FD984C /* SRRequestMethod.h */ = {isa = PBXFileReference; fileEncoding = 4; lastKnownFileType = sourcecode.c.h; path = SRRequestMethod.h; sourceTree = "<group>"; };
		05AEF2051390FB1B00FD984C /* SRRequestMethodTest.h */ = {isa = PBXFileReference; fileEncoding = 4; lastKnownFileType = sourcecode.c.h; path = SRRequestMethodTest.h; sourceTree = "<group>"; };
		05AEF2061390FB1B00FD984C /* SRRequestMethodTest.m */ = {isa = PBXFileReference; fileEncoding = 4; lastKnownFileType = sourcecode.c.objc; path = SRRequestMethodTest.m; sourceTree = "<group>"; };
		05AEF20A139100AF00FD984C /* SRCredentials.h */ = {isa = PBXFileReference; fileEncoding = 4; lastKnownFileType = sourcecode.c.h; path = SRCredentials.h; sourceTree = "<group>"; };
		05AEF20B139100AF00FD984C /* SRCredentials.m */ = {isa = PBXFileReference; fileEncoding = 4; lastKnownFileType = sourcecode.c.objc; path = SRCredentials.m; sourceTree = "<group>"; };
		05AEF20E139100C100FD984C /* SRCredentialsTest.h */ = {isa = PBXFileReference; fileEncoding = 4; lastKnownFileType = sourcecode.c.h; path = SRCredentialsTest.h; sourceTree = "<group>"; };
		05AEF20F139100C100FD984C /* SRCredentialsTest.m */ = {isa = PBXFileReference; fileEncoding = 4; lastKnownFileType = sourcecode.c.objc; path = SRCredentialsTest.m; sourceTree = "<group>"; };
		05AEF211139102C700FD984C /* TestValues.h */ = {isa = PBXFileReference; fileEncoding = 4; lastKnownFileType = sourcecode.c.h; path = TestValues.h; sourceTree = "<group>"; };
		05AEF2141391035400FD984C /* SRParameterCollection.h */ = {isa = PBXFileReference; fileEncoding = 4; lastKnownFileType = sourcecode.c.h; path = SRParameterCollection.h; sourceTree = "<group>"; };
		05AEF2151391035400FD984C /* SRParameterCollection.m */ = {isa = PBXFileReference; fileEncoding = 4; lastKnownFileType = sourcecode.c.objc; path = SRParameterCollection.m; sourceTree = "<group>"; };
		05AEF2171391036300FD984C /* SRParameterCollectionTest.h */ = {isa = PBXFileReference; fileEncoding = 4; lastKnownFileType = sourcecode.c.h; path = SRParameterCollectionTest.h; sourceTree = "<group>"; };
		05AEF2181391036300FD984C /* SRParameterCollectionTest.m */ = {isa = PBXFileReference; fileEncoding = 4; lastKnownFileType = sourcecode.c.objc; path = SRParameterCollectionTest.m; sourceTree = "<group>"; };
		05AEF21A1391038600FD984C /* SRParameter.h */ = {isa = PBXFileReference; fileEncoding = 4; lastKnownFileType = sourcecode.c.h; path = SRParameter.h; sourceTree = "<group>"; };
		05AEF21B1391038600FD984C /* SRParameter.m */ = {isa = PBXFileReference; fileEncoding = 4; lastKnownFileType = sourcecode.c.objc; path = SRParameter.m; sourceTree = "<group>"; };
		05AEF21D1391039400FD984C /* SRParameterTest.h */ = {isa = PBXFileReference; fileEncoding = 4; lastKnownFileType = sourcecode.c.h; path = SRParameterTest.h; sourceTree = "<group>"; };
		05AEF21E1391039400FD984C /* SRParameterTest.m */ = {isa = PBXFileReference; fileEncoding = 4; lastKnownFileType = sourcecode.c.objc; path = SRParameterTest.m; sourceTree = "<group>"; };
/* End PBXFileReference section */

/* Begin PBXFrameworksBuildPhase section */
		05AEF1B01390F6CC00FD984C /* Frameworks */ = {
			isa = PBXFrameworksBuildPhase;
			buildActionMask = 2147483647;
			files = (
				05AEF1B81390F6CC00FD984C /* UIKit.framework in Frameworks */,
				05AEF1BA1390F6CC00FD984C /* Foundation.framework in Frameworks */,
				05AEF1BC1390F6CC00FD984C /* CoreGraphics.framework in Frameworks */,
			);
			runOnlyForDeploymentPostprocessing = 0;
		};
		05AEF1CD1390F6CC00FD984C /* Frameworks */ = {
			isa = PBXFrameworksBuildPhase;
			buildActionMask = 2147483647;
			files = (
				05AEF1D21390F6CC00FD984C /* UIKit.framework in Frameworks */,
				05AEF1D31390F6CC00FD984C /* Foundation.framework in Frameworks */,
				05AEF1D41390F6CC00FD984C /* CoreGraphics.framework in Frameworks */,
			);
			runOnlyForDeploymentPostprocessing = 0;
		};
/* End PBXFrameworksBuildPhase section */

/* Begin PBXGroup section */
		05AEF1A81390F6CC00FD984C = {
			isa = PBXGroup;
			children = (
				05AEF1BD1390F6CC00FD984C /* XapiSdk */,
				05AEF1D71390F6CC00FD984C /* XapiSdkTests */,
				05AEF1B61390F6CC00FD984C /* Frameworks */,
				05AEF1B41390F6CC00FD984C /* Products */,
			);
			sourceTree = "<group>";
		};
		05AEF1B41390F6CC00FD984C /* Products */ = {
			isa = PBXGroup;
			children = (
				05AEF1B31390F6CC00FD984C /* XapiSdk.app */,
				05AEF1D11390F6CC00FD984C /* XapiSdkTests.octest */,
			);
			name = Products;
			sourceTree = "<group>";
		};
		05AEF1B61390F6CC00FD984C /* Frameworks */ = {
			isa = PBXGroup;
			children = (
				05AEF1B71390F6CC00FD984C /* UIKit.framework */,
				05AEF1B91390F6CC00FD984C /* Foundation.framework */,
				05AEF1BB1390F6CC00FD984C /* CoreGraphics.framework */,
			);
			name = Frameworks;
			sourceTree = "<group>";
		};
		05AEF1BD1390F6CC00FD984C /* XapiSdk */ = {
			isa = PBXGroup;
			children = (
				05AEF2121391033B00FD984C /* Data */,
				05AEF2091391009500FD984C /* Security */,
				05AEF1F91390F8F300FD984C /* Requests */,
				05AEF1C61390F6CC00FD984C /* XapiSdkAppDelegate.h */,
				05AEF1C71390F6CC00FD984C /* XapiSdkAppDelegate.m */,
				05AEF1C91390F6CC00FD984C /* MainWindow.xib */,
				05AEF1BE1390F6CC00FD984C /* Supporting Files */,
			);
			path = XapiSdk;
			sourceTree = "<group>";
		};
		05AEF1BE1390F6CC00FD984C /* Supporting Files */ = {
			isa = PBXGroup;
			children = (
				05AEF1BF1390F6CC00FD984C /* XapiSdk-Info.plist */,
				05AEF1C01390F6CC00FD984C /* InfoPlist.strings */,
				05AEF1C31390F6CC00FD984C /* XapiSdk-Prefix.pch */,
				05AEF1C41390F6CC00FD984C /* main.m */,
			);
			name = "Supporting Files";
			sourceTree = "<group>";
		};
		05AEF1D71390F6CC00FD984C /* XapiSdkTests */ = {
			isa = PBXGroup;
			children = (
				05AEF2131391034000FD984C /* Data */,
				05AEF20D139100B300FD984C /* Security */,
				05AEF2041390FB0800FD984C /* Requests */,
				05AEF1D81390F6CC00FD984C /* Supporting Files */,
				05AEF211139102C700FD984C /* TestValues.h */,
			);
			path = XapiSdkTests;
			sourceTree = "<group>";
		};
		05AEF1D81390F6CC00FD984C /* Supporting Files */ = {
			isa = PBXGroup;
			children = (
				05AEF1D91390F6CC00FD984C /* XapiSdkTests-Info.plist */,
				05AEF1DA1390F6CC00FD984C /* InfoPlist.strings */,
				05AEF1DD1390F6CC00FD984C /* XapiSdkTests-Prefix.pch */,
			);
			name = "Supporting Files";
			sourceTree = "<group>";
		};
		05AEF1F91390F8F300FD984C /* Requests */ = {
			isa = PBXGroup;
			children = (
				05AEF2031390FAB800FD984C /* SRRequestMethod.h */,
				05AEF1FA1390F90100FD984C /* SRRequestSigner.h */,
				05AEF1FB1390F90100FD984C /* SRRequestSigner.m */,
				05AEF1FD1390F9BF00FD984C /* SRRequest.h */,
				05AEF1FE1390F9BF00FD984C /* SRRequest.m */,
			);
			name = Requests;
			sourceTree = "<group>";
		};
		05AEF2041390FB0800FD984C /* Requests */ = {
			isa = PBXGroup;
			children = (
				05AEF2051390FB1B00FD984C /* SRRequestMethodTest.h */,
				05AEF2061390FB1B00FD984C /* SRRequestMethodTest.m */,
				05AEF1F61390F8D700FD984C /* SRRequestSignerTest.h */,
				05AEF1F71390F8D700FD984C /* SRRequestSignerTest.m */,
				05AEF2001390F9CD00FD984C /* SRRequestTest.h */,
				05AEF2011390F9CD00FD984C /* SRRequestTest.m */,
			);
			name = Requests;
			sourceTree = "<group>";
		};
		05AEF2091391009500FD984C /* Security */ = {
			isa = PBXGroup;
			children = (
				057F68DE1391324600885466 /* Base64Transcoder.c */,
				057F68DF1391324600885466 /* Base64Transcoder.h */,
				05AEF20A139100AF00FD984C /* SRCredentials.h */,
				05AEF20B139100AF00FD984C /* SRCredentials.m */,
			);
			name = Security;
			sourceTree = "<group>";
		};
		05AEF20D139100B300FD984C /* Security */ = {
			isa = PBXGroup;
			children = (
				05AEF20E139100C100FD984C /* SRCredentialsTest.h */,
				05AEF20F139100C100FD984C /* SRCredentialsTest.m */,
			);
			name = Security;
			sourceTree = "<group>";
		};
		05AEF2121391033B00FD984C /* Data */ = {
			isa = PBXGroup;
			children = (
				05AEF2141391035400FD984C /* SRParameterCollection.h */,
				05AEF2151391035400FD984C /* SRParameterCollection.m */,
				05AEF21A1391038600FD984C /* SRParameter.h */,
				05AEF21B1391038600FD984C /* SRParameter.m */,
				057F68D713911B7000885466 /* NSString+URLEncoding.h */,
				057F68D813911B7000885466 /* NSString+URLEncoding.m */,
			);
			name = Data;
			sourceTree = "<group>";
		};
		05AEF2131391034000FD984C /* Data */ = {
			isa = PBXGroup;
			children = (
				05AEF2171391036300FD984C /* SRParameterCollectionTest.h */,
				05AEF2181391036300FD984C /* SRParameterCollectionTest.m */,
				05AEF21D1391039400FD984C /* SRParameterTest.h */,
				05AEF21E1391039400FD984C /* SRParameterTest.m */,
				057F68DB13911BA700885466 /* NSString+URLEncodingTest.h */,
				057F68DC13911BA700885466 /* NSString+URLEncodingTest.m */,
			);
			name = Data;
			sourceTree = "<group>";
		};
/* End PBXGroup section */

/* Begin PBXNativeTarget section */
		05AEF1B21390F6CC00FD984C /* XapiSdk */ = {
			isa = PBXNativeTarget;
			buildConfigurationList = 05AEF1E41390F6CC00FD984C /* Build configuration list for PBXNativeTarget "XapiSdk" */;
			buildPhases = (
				05AEF1AF1390F6CC00FD984C /* Sources */,
				05AEF1B01390F6CC00FD984C /* Frameworks */,
				05AEF1B11390F6CC00FD984C /* Resources */,
			);
			buildRules = (
			);
			dependencies = (
			);
			name = XapiSdk;
			productName = XapiSdk;
			productReference = 05AEF1B31390F6CC00FD984C /* XapiSdk.app */;
			productType = "com.apple.product-type.application";
		};
		05AEF1D01390F6CC00FD984C /* XapiSdkTests */ = {
			isa = PBXNativeTarget;
			buildConfigurationList = 05AEF1E71390F6CC00FD984C /* Build configuration list for PBXNativeTarget "XapiSdkTests" */;
			buildPhases = (
				05AEF1CC1390F6CC00FD984C /* Sources */,
				05AEF1CD1390F6CC00FD984C /* Frameworks */,
				05AEF1CE1390F6CC00FD984C /* Resources */,
				05AEF1CF1390F6CC00FD984C /* ShellScript */,
			);
			buildRules = (
			);
			dependencies = (
				05AEF1D61390F6CC00FD984C /* PBXTargetDependency */,
			);
			name = XapiSdkTests;
			productName = XapiSdkTests;
			productReference = 05AEF1D11390F6CC00FD984C /* XapiSdkTests.octest */;
			productType = "com.apple.product-type.bundle";
		};
/* End PBXNativeTarget section */

/* Begin PBXProject section */
		05AEF1AA1390F6CC00FD984C /* Project object */ = {
			isa = PBXProject;
			attributes = {
				ORGANIZATIONNAME = "Borealis Web Ltd";
			};
			buildConfigurationList = 05AEF1AD1390F6CC00FD984C /* Build configuration list for PBXProject "XapiSdk" */;
			compatibilityVersion = "Xcode 3.2";
			developmentRegion = English;
			hasScannedForEncodings = 0;
			knownRegions = (
				en,
			);
			mainGroup = 05AEF1A81390F6CC00FD984C;
			productRefGroup = 05AEF1B41390F6CC00FD984C /* Products */;
			projectDirPath = "";
			projectRoot = "";
			targets = (
				05AEF1B21390F6CC00FD984C /* XapiSdk */,
				05AEF1D01390F6CC00FD984C /* XapiSdkTests */,
			);
		};
/* End PBXProject section */

/* Begin PBXResourcesBuildPhase section */
		05AEF1B11390F6CC00FD984C /* Resources */ = {
			isa = PBXResourcesBuildPhase;
			buildActionMask = 2147483647;
			files = (
				05AEF1C21390F6CC00FD984C /* InfoPlist.strings in Resources */,
				05AEF1CB1390F6CC00FD984C /* MainWindow.xib in Resources */,
			);
			runOnlyForDeploymentPostprocessing = 0;
		};
		05AEF1CE1390F6CC00FD984C /* Resources */ = {
			isa = PBXResourcesBuildPhase;
			buildActionMask = 2147483647;
			files = (
				05AEF1DC1390F6CC00FD984C /* InfoPlist.strings in Resources */,
			);
			runOnlyForDeploymentPostprocessing = 0;
		};
/* End PBXResourcesBuildPhase section */

/* Begin PBXShellScriptBuildPhase section */
		05AEF1CF1390F6CC00FD984C /* ShellScript */ = {
			isa = PBXShellScriptBuildPhase;
			buildActionMask = 2147483647;
			files = (
			);
			inputPaths = (
			);
			outputPaths = (
			);
			runOnlyForDeploymentPostprocessing = 0;
			shellPath = /bin/sh;
			shellScript = "# Run the unit tests in this test bundle.\n\"${SYSTEM_DEVELOPER_DIR}/Tools/RunUnitTests\"\n";
		};
/* End PBXShellScriptBuildPhase section */

/* Begin PBXSourcesBuildPhase section */
		05AEF1AF1390F6CC00FD984C /* Sources */ = {
			isa = PBXSourcesBuildPhase;
			buildActionMask = 2147483647;
			files = (
				05AEF1C51390F6CC00FD984C /* main.m in Sources */,
				05AEF1C81390F6CC00FD984C /* XapiSdkAppDelegate.m in Sources */,
				05AEF1FC1390F90100FD984C /* SRRequestSigner.m in Sources */,
				05AEF1FF1390F9BF00FD984C /* SRRequest.m in Sources */,
				05AEF20C139100AF00FD984C /* SRCredentials.m in Sources */,
				05AEF2161391035400FD984C /* SRParameterCollection.m in Sources */,
				05AEF21C1391038700FD984C /* SRParameter.m in Sources */,
				057F68D913911B7000885466 /* NSString+URLEncoding.m in Sources */,
				057F68E01391324600885466 /* Base64Transcoder.c in Sources */,
			);
			runOnlyForDeploymentPostprocessing = 0;
		};
		05AEF1CC1390F6CC00FD984C /* Sources */ = {
			isa = PBXSourcesBuildPhase;
			buildActionMask = 2147483647;
			files = (
				05AEF1F81390F8D700FD984C /* SRRequestSignerTest.m in Sources */,
				05AEF2021390F9CD00FD984C /* SRRequestTest.m in Sources */,
				05AEF2071390FB1B00FD984C /* SRRequestMethodTest.m in Sources */,
				05AEF210139100C100FD984C /* SRCredentialsTest.m in Sources */,
				05AEF2191391036300FD984C /* SRParameterCollectionTest.m in Sources */,
				05AEF21F1391039400FD984C /* SRParameterTest.m in Sources */,
				057F68DD13911BA700885466 /* NSString+URLEncodingTest.m in Sources */,
			);
			runOnlyForDeploymentPostprocessing = 0;
		};
/* End PBXSourcesBuildPhase section */

/* Begin PBXTargetDependency section */
		05AEF1D61390F6CC00FD984C /* PBXTargetDependency */ = {
			isa = PBXTargetDependency;
			target = 05AEF1B21390F6CC00FD984C /* XapiSdk */;
			targetProxy = 05AEF1D51390F6CC00FD984C /* PBXContainerItemProxy */;
		};
/* End PBXTargetDependency section */

/* Begin PBXVariantGroup section */
		05AEF1C01390F6CC00FD984C /* InfoPlist.strings */ = {
			isa = PBXVariantGroup;
			children = (
				05AEF1C11390F6CC00FD984C /* en */,
			);
			name = InfoPlist.strings;
			sourceTree = "<group>";
		};
		05AEF1C91390F6CC00FD984C /* MainWindow.xib */ = {
			isa = PBXVariantGroup;
			children = (
				05AEF1CA1390F6CC00FD984C /* en */,
			);
			name = MainWindow.xib;
			sourceTree = "<group>";
		};
		05AEF1DA1390F6CC00FD984C /* InfoPlist.strings */ = {
			isa = PBXVariantGroup;
			children = (
				05AEF1DB1390F6CC00FD984C /* en */,
			);
			name = InfoPlist.strings;
			sourceTree = "<group>";
		};
/* End PBXVariantGroup section */

/* Begin XCBuildConfiguration section */
		05AEF1E21390F6CC00FD984C /* Debug */ = {
			isa = XCBuildConfiguration;
			buildSettings = {
				ARCHS = "$(ARCHS_STANDARD_32_BIT)";
				"CODE_SIGN_IDENTITY[sdk=iphoneos*]" = "iPhone Developer";
				GCC_C_LANGUAGE_STANDARD = gnu99;
				GCC_OPTIMIZATION_LEVEL = 0;
				GCC_PREPROCESSOR_DEFINITIONS = DEBUG;
				GCC_SYMBOLS_PRIVATE_EXTERN = NO;
				GCC_VERSION = com.apple.compilers.llvmgcc42;
				GCC_WARN_ABOUT_RETURN_TYPE = YES;
				GCC_WARN_UNUSED_VARIABLE = YES;
				IPHONEOS_DEPLOYMENT_TARGET = 4.3;
				SDKROOT = iphoneos;
			};
			name = Debug;
		};
		05AEF1E31390F6CC00FD984C /* Release */ = {
			isa = XCBuildConfiguration;
			buildSettings = {
				ARCHS = "$(ARCHS_STANDARD_32_BIT)";
				"CODE_SIGN_IDENTITY[sdk=iphoneos*]" = "iPhone Developer";
				GCC_C_LANGUAGE_STANDARD = gnu99;
				GCC_VERSION = com.apple.compilers.llvmgcc42;
				GCC_WARN_ABOUT_RETURN_TYPE = YES;
				GCC_WARN_UNUSED_VARIABLE = YES;
				IPHONEOS_DEPLOYMENT_TARGET = 4.3;
				OTHER_CFLAGS = "-DNS_BLOCK_ASSERTIONS=1";
				SDKROOT = iphoneos;
			};
			name = Release;
		};
		05AEF1E51390F6CC00FD984C /* Debug */ = {
			isa = XCBuildConfiguration;
			buildSettings = {
				ALWAYS_SEARCH_USER_PATHS = NO;
				COPY_PHASE_STRIP = NO;
				GCC_DYNAMIC_NO_PIC = NO;
				GCC_PRECOMPILE_PREFIX_HEADER = YES;
				GCC_PREFIX_HEADER = "XapiSdk/XapiSdk-Prefix.pch";
				INFOPLIST_FILE = "XapiSdk/XapiSdk-Info.plist";
				PRODUCT_NAME = "$(TARGET_NAME)";
				WRAPPER_EXTENSION = app;
			};
			name = Debug;
		};
		05AEF1E61390F6CC00FD984C /* Release */ = {
			isa = XCBuildConfiguration;
			buildSettings = {
				ALWAYS_SEARCH_USER_PATHS = NO;
				COPY_PHASE_STRIP = YES;
				GCC_PRECOMPILE_PREFIX_HEADER = YES;
				GCC_PREFIX_HEADER = "XapiSdk/XapiSdk-Prefix.pch";
				INFOPLIST_FILE = "XapiSdk/XapiSdk-Info.plist";
				PRODUCT_NAME = "$(TARGET_NAME)";
				VALIDATE_PRODUCT = YES;
				WRAPPER_EXTENSION = app;
			};
			name = Release;
		};
		05AEF1E81390F6CC00FD984C /* Debug */ = {
			isa = XCBuildConfiguration;
			buildSettings = {
				ALWAYS_SEARCH_USER_PATHS = NO;
				BUNDLE_LOADER = "$(BUILT_PRODUCTS_DIR)/XapiSdk.app/XapiSdk";
				FRAMEWORK_SEARCH_PATHS = (
					"$(SDKROOT)/Developer/Library/Frameworks",
					"$(DEVELOPER_LIBRARY_DIR)/Frameworks",
				);
				GCC_PRECOMPILE_PREFIX_HEADER = YES;
				GCC_PREFIX_HEADER = "XapiSdkTests/XapiSdkTests-Prefix.pch";
				INFOPLIST_FILE = "XapiSdkTests/XapiSdkTests-Info.plist";
				OTHER_LDFLAGS = (
					"-framework",
					SenTestingKit,
				);
				PRODUCT_NAME = "$(TARGET_NAME)";
				TEST_HOST = "$(BUNDLE_LOADER)";
				WRAPPER_EXTENSION = octest;
			};
			name = Debug;
		};
		05AEF1E91390F6CC00FD984C /* Release */ = {
			isa = XCBuildConfiguration;
			buildSettings = {
				ALWAYS_SEARCH_USER_PATHS = NO;
				BUNDLE_LOADER = "$(BUILT_PRODUCTS_DIR)/XapiSdk.app/XapiSdk";
				FRAMEWORK_SEARCH_PATHS = (
					"$(SDKROOT)/Developer/Library/Frameworks",
					"$(DEVELOPER_LIBRARY_DIR)/Frameworks",
				);
				GCC_PRECOMPILE_PREFIX_HEADER = YES;
				GCC_PREFIX_HEADER = "XapiSdkTests/XapiSdkTests-Prefix.pch";
				INFOPLIST_FILE = "XapiSdkTests/XapiSdkTests-Info.plist";
				OTHER_LDFLAGS = (
					"-framework",
					SenTestingKit,
				);
				PRODUCT_NAME = "$(TARGET_NAME)";
				TEST_HOST = "$(BUNDLE_LOADER)";
				WRAPPER_EXTENSION = octest;
			};
			name = Release;
		};
/* End XCBuildConfiguration section */

/* Begin XCConfigurationList section */
		05AEF1AD1390F6CC00FD984C /* Build configuration list for PBXProject "XapiSdk" */ = {
			isa = XCConfigurationList;
			buildConfigurations = (
				05AEF1E21390F6CC00FD984C /* Debug */,
				05AEF1E31390F6CC00FD984C /* Release */,
			);
			defaultConfigurationIsVisible = 0;
			defaultConfigurationName = Release;
		};
		05AEF1E41390F6CC00FD984C /* Build configuration list for PBXNativeTarget "XapiSdk" */ = {
			isa = XCConfigurationList;
			buildConfigurations = (
				05AEF1E51390F6CC00FD984C /* Debug */,
				05AEF1E61390F6CC00FD984C /* Release */,
			);
			defaultConfigurationIsVisible = 0;
			defaultConfigurationName = Release;
		};
		05AEF1E71390F6CC00FD984C /* Build configuration list for PBXNativeTarget "XapiSdkTests" */ = {
			isa = XCConfigurationList;
			buildConfigurations = (
				05AEF1E81390F6CC00FD984C /* Debug */,
				05AEF1E91390F6CC00FD984C /* Release */,
			);
			defaultConfigurationIsVisible = 0;
			defaultConfigurationName = Release;
		};
/* End XCConfigurationList section */
	};
	rootObject = 05AEF1AA1390F6CC00FD984C /* Project object */;
}
